
Microsoft Visual Studio Solution File, Format Version 12.00
# Visual Studio 16
Project("{FAE04EC0-301F-11D3-BF4B-00C04F79EFBC}") = "Assembly-CSharp", "Assembly-CSharp.csproj", "{09DE243E-02DF-58A8-4A77-B7E42FB53C61}"
EndProject
Project("{FAE04EC0-301F-11D3-BF4B-00C04F79EFBC}") = "Assembly-CSharp-Editor", "Assembly-CSharp-Editor.csproj", "{4919D5C4-9A33-0267-90F0-539560444690}"
EndProject
Global
	GlobalSection(SolutionConfigurationPlatforms) = preSolution
		Debug|Any CPU = Debug|Any CPU
		Release|Any CPU = Release|Any CPU
	EndGlobalSection
	GlobalSection(ProjectConfigurationPlatforms) = postSolution
		{09DE243E-02DF-58A8-4A77-B7E42FB53C61}.Debug|Any CPU.ActiveCfg = Debug|Any CPU
		{09DE243E-02DF-58A8-4A77-B7E42FB53C61}.Debug|Any CPU.Build.0 = Debug|Any CPU
		{09DE243E-02DF-58A8-4A77-B7E42FB53C61}.Release|Any CPU.ActiveCfg = Release|Any CPU
		{09DE243E-02DF-58A8-4A77-B7E42FB53C61}.Release|Any CPU.Build.0 = Release|Any CPU
		{4919D5C4-9A33-0267-90F0-539560444690}.Debug|Any CPU.ActiveCfg = Debug|Any CPU
		{4919D5C4-9A33-0267-90F0-539560444690}.Debug|Any CPU.Build.0 = Debug|Any CPU
		{4919D5C4-9A33-0267-90F0-539560444690}.Release|Any CPU.ActiveCfg = Release|Any CPU
		{4919D5C4-9A33-0267-90F0-539560444690}.Release|Any CPU.Build.0 = Release|Any CPU
	EndGlobalSection
	GlobalSection(SolutionProperties) = preSolution
		HideSolutionNode = FALSE
	EndGlobalSection
EndGlobal
